
Microsoft Visual Studio Solution File, Format Version 12.00
# Visual Studio Version 16
VisualStudioVersion = 16.0.32901.82
MinimumVisualStudioVersion = 10.0.40219.1
Project("{FAE04EC0-301F-11D3-BF4B-00C04F79EFBC}") = "BookStore.API", "src\BookStore.API\BookStore.API.csproj", "{4CB57FFA-AE54-4356-8E14-3F374C849496}"
EndProject
Project("{FAE04EC0-301F-11D3-BF4B-00C04F79EFBC}") = "BookStore.Domain", "src\BookStore.Domain\BookStore.Domain.csproj", "{C73BEA37-ACE0-4D8D-A401-03B4245E8023}"
EndProject
Project("{FAE04EC0-301F-11D3-BF4B-00C04F79EFBC}") = "BookStore.Infrastructure", "src\BookStore.Infrastructure\BookStore.Infrastructure.csproj", "{DC60DE64-5A71-4E68-9199-CA620549E06E}"
EndProject
Global
	GlobalSection(SolutionConfigurationPlatforms) = preSolution
		Debug|Any CPU = Debug|Any CPU
		Release|Any CPU = Release|Any CPU
	EndGlobalSection
	GlobalSection(ProjectConfigurationPlatforms) = postSolution
		{4CB57FFA-AE54-4356-8E14-3F374C849496}.Debug|Any CPU.ActiveCfg = Debug|Any CPU
		{4CB57FFA-AE54-4356-8E14-3F374C849496}.Debug|Any CPU.Build.0 = Debug|Any CPU
		{4CB57FFA-AE54-4356-8E14-3F374C849496}.Release|Any CPU.ActiveCfg = Release|Any CPU
		{4CB57FFA-AE54-4356-8E14-3F374C849496}.Release|Any CPU.Build.0 = Release|Any CPU
		{C73BEA37-ACE0-4D8D-A401-03B4245E8023}.Debug|Any CPU.ActiveCfg = Debug|Any CPU
		{C73BEA37-ACE0-4D8D-A401-03B4245E8023}.Debug|Any CPU.Build.0 = Debug|Any CPU
		{C73BEA37-ACE0-4D8D-A401-03B4245E8023}.Release|Any CPU.ActiveCfg = Release|Any CPU
		{C73BEA37-ACE0-4D8D-A401-03B4245E8023}.Release|Any CPU.Build.0 = Release|Any CPU
		{DC60DE64-5A71-4E68-9199-CA620549E06E}.Debug|Any CPU.ActiveCfg = Debug|Any CPU
		{DC60DE64-5A71-4E68-9199-CA620549E06E}.Debug|Any CPU.Build.0 = Debug|Any CPU
		{DC60DE64-5A71-4E68-9199-CA620549E06E}.Release|Any CPU.ActiveCfg = Release|Any CPU
		{DC60DE64-5A71-4E68-9199-CA620549E06E}.Release|Any CPU.Build.0 = Release|Any CPU
	EndGlobalSection
	GlobalSection(SolutionProperties) = preSolution
		HideSolutionNode = FALSE
	EndGlobalSection
	GlobalSection(ExtensibilityGlobals) = postSolution
		SolutionGuid = {5C8D6791-8C7B-4297-A834-675D6A33D0FD}
	EndGlobalSection
EndGlobal
